
Microsoft Visual Studio Solution File, Format Version 12.00
# Visual Studio Version 17
VisualStudioVersion = 17.14.36109.1
MinimumVisualStudioVersion = 10.0.40219.1
Project("{FAE04EC0-301F-11D3-BF4B-00C04F79EFBC}") = "Domain", "Domain\Domain.csproj", "{A77502EE-2E47-48CA-8767-3261C3F0416F}"
EndProject
Project("{FAE04EC0-301F-11D3-BF4B-00C04F79EFBC}") = "Persistence", "Persistence\Persistence.csproj", "{7E59F1B7-F978-43B0-B45B-77266C8E3736}"
EndProject
Project("{FAE04EC0-301F-11D3-BF4B-00C04F79EFBC}") = "Application", "Application\Application.csproj", "{DDB40201-148D-44AD-88AD-4CC86CBB24AF}"
EndProject
Project("{FAE04EC0-301F-11D3-BF4B-00C04F79EFBC}") = "TaxiApi", "TaxiApi\TaxiApi.csproj", "{079846B6-C756-4110-ACFD-35C3C7E5E09B}"
EndProject
Project("{FAE04EC0-301F-11D3-BF4B-00C04F79EFBC}") = "WebTaxiApp", "WebTaxiApp\WebTaxiApp.csproj", "{EC412BD7-57CB-43DA-ACCD-FBE12F9EE4EA}"
EndProject
Global
	GlobalSection(SolutionConfigurationPlatforms) = preSolution
		Debug|Any CPU = Debug|Any CPU
		Release|Any CPU = Release|Any CPU
	EndGlobalSection
	GlobalSection(ProjectConfigurationPlatforms) = postSolution
		{A77502EE-2E47-48CA-8767-3261C3F0416F}.Debug|Any CPU.ActiveCfg = Debug|Any CPU
		{A77502EE-2E47-48CA-8767-3261C3F0416F}.Debug|Any CPU.Build.0 = Debug|Any CPU
		{A77502EE-2E47-48CA-8767-3261C3F0416F}.Release|Any CPU.ActiveCfg = Release|Any CPU
		{A77502EE-2E47-48CA-8767-3261C3F0416F}.Release|Any CPU.Build.0 = Release|Any CPU
		{7E59F1B7-F978-43B0-B45B-77266C8E3736}.Debug|Any CPU.ActiveCfg = Debug|Any CPU
		{7E59F1B7-F978-43B0-B45B-77266C8E3736}.Debug|Any CPU.Build.0 = Debug|Any CPU
		{7E59F1B7-F978-43B0-B45B-77266C8E3736}.Release|Any CPU.ActiveCfg = Release|Any CPU
		{7E59F1B7-F978-43B0-B45B-77266C8E3736}.Release|Any CPU.Build.0 = Release|Any CPU
		{DDB40201-148D-44AD-88AD-4CC86CBB24AF}.Debug|Any CPU.ActiveCfg = Debug|Any CPU
		{DDB40201-148D-44AD-88AD-4CC86CBB24AF}.Debug|Any CPU.Build.0 = Debug|Any CPU
		{DDB40201-148D-44AD-88AD-4CC86CBB24AF}.Release|Any CPU.ActiveCfg = Release|Any CPU
		{DDB40201-148D-44AD-88AD-4CC86CBB24AF}.Release|Any CPU.Build.0 = Release|Any CPU
		{079846B6-C756-4110-ACFD-35C3C7E5E09B}.Debug|Any CPU.ActiveCfg = Debug|Any CPU
		{079846B6-C756-4110-ACFD-35C3C7E5E09B}.Debug|Any CPU.Build.0 = Debug|Any CPU
		{079846B6-C756-4110-ACFD-35C3C7E5E09B}.Release|Any CPU.ActiveCfg = Release|Any CPU
		{079846B6-C756-4110-ACFD-35C3C7E5E09B}.Release|Any CPU.Build.0 = Release|Any CPU
		{EC412BD7-57CB-43DA-ACCD-FBE12F9EE4EA}.Debug|Any CPU.ActiveCfg = Debug|Any CPU
		{EC412BD7-57CB-43DA-ACCD-FBE12F9EE4EA}.Debug|Any CPU.Build.0 = Debug|Any CPU
		{EC412BD7-57CB-43DA-ACCD-FBE12F9EE4EA}.Release|Any CPU.ActiveCfg = Release|Any CPU
		{EC412BD7-57CB-43DA-ACCD-FBE12F9EE4EA}.Release|Any CPU.Build.0 = Release|Any CPU
	EndGlobalSection
	GlobalSection(SolutionProperties) = preSolution
		HideSolutionNode = FALSE
	EndGlobalSection
	GlobalSection(ExtensibilityGlobals) = postSolution
		SolutionGuid = {C506D00E-CE82-4E3F-8E50-DAD3C7B62D45}
	EndGlobalSection
EndGlobal
